
Microsoft Visual Studio Solution File, Format Version 12.00
# Visual Studio 15
VisualStudioVersion = 15.0.27004.2009
MinimumVisualStudioVersion = 10.0.40219.1
Project("{D954291E-2A0B-460D-934E-DC6B0785DB48}") = "S.A.D.A", "S.A.D.A\S.A.D.A\S.A.D.A.shproj", "{DFBF8717-D3C4-4F28-853A-D45FF7D5BCC4}"
EndProject
Project("{FAE04EC0-301F-11D3-BF4B-00C04F79EFBC}") = "S.A.D.A.Android", "S.A.D.A\S.A.D.A.Android\S.A.D.A.Android.csproj", "{7DC0E3DC-DE69-4C8C-AB71-8D7B6A7DB20B}"
EndProject
Project("{FAE04EC0-301F-11D3-BF4B-00C04F79EFBC}") = "S.A.D.A.iOS", "S.A.D.A\S.A.D.A.iOS\S.A.D.A.iOS.csproj", "{82040A74-8977-4EFB-9679-8AE1D4CDB341}"
EndProject
Project("{FAE04EC0-301F-11D3-BF4B-00C04F79EFBC}") = "S.A.D.A.UWP", "S.A.D.A\S.A.D.A.UWP\S.A.D.A.UWP.csproj", "{F704D6C6-A5AC-48DD-A3A7-561689DA14CE}"
EndProject
Global
	GlobalSection(SharedMSBuildProjectFiles) = preSolution
		S.A.D.A\S.A.D.A\S.A.D.A.projitems*{7dc0e3dc-de69-4c8c-ab71-8d7b6a7db20b}*SharedItemsImports = 4
		S.A.D.A\S.A.D.A\S.A.D.A.projitems*{82040a74-8977-4efb-9679-8ae1d4cdb341}*SharedItemsImports = 4
		S.A.D.A\S.A.D.A\S.A.D.A.projitems*{dfbf8717-d3c4-4f28-853a-d45ff7d5bcc4}*SharedItemsImports = 13
		S.A.D.A\S.A.D.A\S.A.D.A.projitems*{f704d6c6-a5ac-48dd-a3a7-561689da14ce}*SharedItemsImports = 4
	EndGlobalSection
	GlobalSection(SolutionConfigurationPlatforms) = preSolution
		Ad-Hoc|Any CPU = Ad-Hoc|Any CPU
		Ad-Hoc|ARM = Ad-Hoc|ARM
		Ad-Hoc|iPhone = Ad-Hoc|iPhone
		Ad-Hoc|iPhoneSimulator = Ad-Hoc|iPhoneSimulator
		Ad-Hoc|x64 = Ad-Hoc|x64
		Ad-Hoc|x86 = Ad-Hoc|x86
		AppStore|Any CPU = AppStore|Any CPU
		AppStore|ARM = AppStore|ARM
		AppStore|iPhone = AppStore|iPhone
		AppStore|iPhoneSimulator = AppStore|iPhoneSimulator
		AppStore|x64 = AppStore|x64
		AppStore|x86 = AppStore|x86
		Debug|Any CPU = Debug|Any CPU
		Debug|ARM = Debug|ARM
		Debug|iPhone = Debug|iPhone
		Debug|iPhoneSimulator = Debug|iPhoneSimulator
		Debug|x64 = Debug|x64
		Debug|x86 = Debug|x86
		Release|Any CPU = Release|Any CPU
		Release|ARM = Release|ARM
		Release|iPhone = Release|iPhone
		Release|iPhoneSimulator = Release|iPhoneSimulator
		Release|x64 = Release|x64
		Release|x86 = Release|x86
	EndGlobalSection
	GlobalSection(ProjectConfigurationPlatforms) = postSolution
		{7DC0E3DC-DE69-4C8C-AB71-8D7B6A7DB20B}.Ad-Hoc|Any CPU.ActiveCfg = Release|Any CPU
		{7DC0E3DC-DE69-4C8C-AB71-8D7B6A7DB20B}.Ad-Hoc|Any CPU.Build.0 = Release|Any CPU
		{7DC0E3DC-DE69-4C8C-AB71-8D7B6A7DB20B}.Ad-Hoc|Any CPU.Deploy.0 = Release|Any CPU
		{7DC0E3DC-DE69-4C8C-AB71-8D7B6A7DB20B}.Ad-Hoc|ARM.ActiveCfg = Release|Any CPU
		{7DC0E3DC-DE69-4C8C-AB71-8D7B6A7DB20B}.Ad-Hoc|ARM.Build.0 = Release|Any CPU
		{7DC0E3DC-DE69-4C8C-AB71-8D7B6A7DB20B}.Ad-Hoc|ARM.Deploy.0 = Release|Any CPU
		{7DC0E3DC-DE69-4C8C-AB71-8D7B6A7DB20B}.Ad-Hoc|iPhone.ActiveCfg = Release|Any CPU
		{7DC0E3DC-DE69-4C8C-AB71-8D7B6A7DB20B}.Ad-Hoc|iPhone.Build.0 = Release|Any CPU
		{7DC0E3DC-DE69-4C8C-AB71-8D7B6A7DB20B}.Ad-Hoc|iPhone.Deploy.0 = Release|Any CPU
		{7DC0E3DC-DE69-4C8C-AB71-8D7B6A7DB20B}.Ad-Hoc|iPhoneSimulator.ActiveCfg = Release|Any CPU
		{7DC0E3DC-DE69-4C8C-AB71-8D7B6A7DB20B}.Ad-Hoc|iPhoneSimulator.Build.0 = Release|Any CPU
		{7DC0E3DC-DE69-4C8C-AB71-8D7B6A7DB20B}.Ad-Hoc|iPhoneSimulator.Deploy.0 = Release|Any CPU
		{7DC0E3DC-DE69-4C8C-AB71-8D7B6A7DB20B}.Ad-Hoc|x64.ActiveCfg = Release|Any CPU
		{7DC0E3DC-DE69-4C8C-AB71-8D7B6A7DB20B}.Ad-Hoc|x64.Build.0 = Release|Any CPU
		{7DC0E3DC-DE69-4C8C-AB71-8D7B6A7DB20B}.Ad-Hoc|x64.Deploy.0 = Release|Any CPU
		{7DC0E3DC-DE69-4C8C-AB71-8D7B6A7DB20B}.Ad-Hoc|x86.ActiveCfg = Release|Any CPU
		{7DC0E3DC-DE69-4C8C-AB71-8D7B6A7DB20B}.Ad-Hoc|x86.Build.0 = Release|Any CPU
		{7DC0E3DC-DE69-4C8C-AB71-8D7B6A7DB20B}.Ad-Hoc|x86.Deploy.0 = Release|Any CPU
		{7DC0E3DC-DE69-4C8C-AB71-8D7B6A7DB20B}.AppStore|Any CPU.ActiveCfg = Release|Any CPU
		{7DC0E3DC-DE69-4C8C-AB71-8D7B6A7DB20B}.AppStore|Any CPU.Build.0 = Release|Any CPU
		{7DC0E3DC-DE69-4C8C-AB71-8D7B6A7DB20B}.AppStore|Any CPU.Deploy.0 = Release|Any CPU
		{7DC0E3DC-DE69-4C8C-AB71-8D7B6A7DB20B}.AppStore|ARM.ActiveCfg = Release|Any CPU
		{7DC0E3DC-DE69-4C8C-AB71-8D7B6A7DB20B}.AppStore|ARM.Build.0 = Release|Any CPU
		{7DC0E3DC-DE69-4C8C-AB71-8D7B6A7DB20B}.AppStore|ARM.Deploy.0 = Release|Any CPU
		{7DC0E3DC-DE69-4C8C-AB71-8D7B6A7DB20B}.AppStore|iPhone.ActiveCfg = Release|Any CPU
		{7DC0E3DC-DE69-4C8C-AB71-8D7B6A7DB20B}.AppStore|iPhone.Build.0 = Release|Any CPU
		{7DC0E3DC-DE69-4C8C-AB71-8D7B6A7DB20B}.AppStore|iPhone.Deploy.0 = Release|Any CPU
		{7DC0E3DC-DE69-4C8C-AB71-8D7B6A7DB20B}.AppStore|iPhoneSimulator.ActiveCfg = Release|Any CPU
		{7DC0E3DC-DE69-4C8C-AB71-8D7B6A7DB20B}.AppStore|iPhoneSimulator.Build.0 = Release|Any CPU
		{7DC0E3DC-DE69-4C8C-AB71-8D7B6A7DB20B}.AppStore|iPhoneSimulator.Deploy.0 = Release|Any CPU
		{7DC0E3DC-DE69-4C8C-AB71-8D7B6A7DB20B}.AppStore|x64.ActiveCfg = Release|Any CPU
		{7DC0E3DC-DE69-4C8C-AB71-8D7B6A7DB20B}.AppStore|x64.Build.0 = Release|Any CPU
		{7DC0E3DC-DE69-4C8C-AB71-8D7B6A7DB20B}.AppStore|x64.Deploy.0 = Release|Any CPU
		{7DC0E3DC-DE69-4C8C-AB71-8D7B6A7DB20B}.AppStore|x86.ActiveCfg = Release|Any CPU
		{7DC0E3DC-DE69-4C8C-AB71-8D7B6A7DB20B}.AppStore|x86.Build.0 = Release|Any CPU
		{7DC0E3DC-DE69-4C8C-AB71-8D7B6A7DB20B}.AppStore|x86.Deploy.0 = Release|Any CPU
		{7DC0E3DC-DE69-4C8C-AB71-8D7B6A7DB20B}.Debug|Any CPU.ActiveCfg = Debug|Any CPU
		{7DC0E3DC-DE69-4C8C-AB71-8D7B6A7DB20B}.Debug|Any CPU.Build.0 = Debug|Any CPU
		{7DC0E3DC-DE69-4C8C-AB71-8D7B6A7DB20B}.Debug|Any CPU.Deploy.0 = Debug|Any CPU
		{7DC0E3DC-DE69-4C8C-AB71-8D7B6A7DB20B}.Debug|ARM.ActiveCfg = Debug|Any CPU
		{7DC0E3DC-DE69-4C8C-AB71-8D7B6A7DB20B}.Debug|ARM.Build.0 = Debug|Any CPU
		{7DC0E3DC-DE69-4C8C-AB71-8D7B6A7DB20B}.Debug|ARM.Deploy.0 = Debug|Any CPU
		{7DC0E3DC-DE69-4C8C-AB71-8D7B6A7DB20B}.Debug|iPhone.ActiveCfg = Debug|Any CPU
		{7DC0E3DC-DE69-4C8C-AB71-8D7B6A7DB20B}.Debug|iPhone.Build.0 = Debug|Any CPU
		{7DC0E3DC-DE69-4C8C-AB71-8D7B6A7DB20B}.Debug|iPhone.Deploy.0 = Debug|Any CPU
		{7DC0E3DC-DE69-4C8C-AB71-8D7B6A7DB20B}.Debug|iPhoneSimulator.ActiveCfg = Debug|Any CPU
		{7DC0E3DC-DE69-4C8C-AB71-8D7B6A7DB20B}.Debug|iPhoneSimulator.Build.0 = Debug|Any CPU
		{7DC0E3DC-DE69-4C8C-AB71-8D7B6A7DB20B}.Debug|iPhoneSimulator.Deploy.0 = Debug|Any CPU
		{7DC0E3DC-DE69-4C8C-AB71-8D7B6A7DB20B}.Debug|x64.ActiveCfg = Debug|Any CPU
		{7DC0E3DC-DE69-4C8C-AB71-8D7B6A7DB20B}.Debug|x64.Build.0 = Debug|Any CPU
		{7DC0E3DC-DE69-4C8C-AB71-8D7B6A7DB20B}.Debug|x64.Deploy.0 = Debug|Any CPU
		{7DC0E3DC-DE69-4C8C-AB71-8D7B6A7DB20B}.Debug|x86.ActiveCfg = Debug|Any CPU
		{7DC0E3DC-DE69-4C8C-AB71-8D7B6A7DB20B}.Debug|x86.Build.0 = Debug|Any CPU
		{7DC0E3DC-DE69-4C8C-AB71-8D7B6A7DB20B}.Debug|x86.Deploy.0 = Debug|Any CPU
		{7DC0E3DC-DE69-4C8C-AB71-8D7B6A7DB20B}.Release|Any CPU.ActiveCfg = Release|Any CPU
		{7DC0E3DC-DE69-4C8C-AB71-8D7B6A7DB20B}.Release|Any CPU.Build.0 = Release|Any CPU
		{7DC0E3DC-DE69-4C8C-AB71-8D7B6A7DB20B}.Release|Any CPU.Deploy.0 = Release|Any CPU
		{7DC0E3DC-DE69-4C8C-AB71-8D7B6A7DB20B}.Release|ARM.ActiveCfg = Release|Any CPU
		{7DC0E3DC-DE69-4C8C-AB71-8D7B6A7DB20B}.Release|ARM.Build.0 = Release|Any CPU
		{7DC0E3DC-DE69-4C8C-AB71-8D7B6A7DB20B}.Release|ARM.Deploy.0 = Release|Any CPU
		{7DC0E3DC-DE69-4C8C-AB71-8D7B6A7DB20B}.Release|iPhone.ActiveCfg = Release|Any CPU
		{7DC0E3DC-DE69-4C8C-AB71-8D7B6A7DB20B}.Release|iPhone.Build.0 = Release|Any CPU
		{7DC0E3DC-DE69-4C8C-AB71-8D7B6A7DB20B}.Release|iPhone.Deploy.0 = Release|Any CPU
		{7DC0E3DC-DE69-4C8C-AB71-8D7B6A7DB20B}.Release|iPhoneSimulator.ActiveCfg = Release|Any CPU
		{7DC0E3DC-DE69-4C8C-AB71-8D7B6A7DB20B}.Release|iPhoneSimulator.Build.0 = Release|Any CPU
		{7DC0E3DC-DE69-4C8C-AB71-8D7B6A7DB20B}.Release|iPhoneSimulator.Deploy.0 = Release|Any CPU
		{7DC0E3DC-DE69-4C8C-AB71-8D7B6A7DB20B}.Release|x64.ActiveCfg = Release|Any CPU
		{7DC0E3DC-DE69-4C8C-AB71-8D7B6A7DB20B}.Release|x64.Build.0 = Release|Any CPU
		{7DC0E3DC-DE69-4C8C-AB71-8D7B6A7DB20B}.Release|x64.Deploy.0 = Release|Any CPU
		{7DC0E3DC-DE69-4C8C-AB71-8D7B6A7DB20B}.Release|x86.ActiveCfg = Release|Any CPU
		{7DC0E3DC-DE69-4C8C-AB71-8D7B6A7DB20B}.Release|x86.Build.0 = Release|Any CPU
		{7DC0E3DC-DE69-4C8C-AB71-8D7B6A7DB20B}.Release|x86.Deploy.0 = Release|Any CPU
		{82040A74-8977-4EFB-9679-8AE1D4CDB341}.Ad-Hoc|Any CPU.ActiveCfg = Ad-Hoc|iPhoneSimulator
		{82040A74-8977-4EFB-9679-8AE1D4CDB341}.Ad-Hoc|ARM.ActiveCfg = Ad-Hoc|iPhone
		{82040A74-8977-4EFB-9679-8AE1D4CDB341}.Ad-Hoc|iPhone.ActiveCfg = Ad-Hoc|iPhone
		{82040A74-8977-4EFB-9679-8AE1D4CDB341}.Ad-Hoc|iPhone.Build.0 = Ad-Hoc|iPhone
		{82040A74-8977-4EFB-9679-8AE1D4CDB341}.Ad-Hoc|iPhoneSimulator.ActiveCfg = Ad-Hoc|iPhoneSimulator
		{82040A74-8977-4EFB-9679-8AE1D4CDB341}.Ad-Hoc|iPhoneSimulator.Build.0 = Ad-Hoc|iPhoneSimulator
		{82040A74-8977-4EFB-9679-8AE1D4CDB341}.Ad-Hoc|x64.ActiveCfg = Ad-Hoc|iPhone
		{82040A74-8977-4EFB-9679-8AE1D4CDB341}.Ad-Hoc|x86.ActiveCfg = Ad-Hoc|iPhone
		{82040A74-8977-4EFB-9679-8AE1D4CDB341}.AppStore|Any CPU.ActiveCfg = AppStore|iPhoneSimulator
		{82040A74-8977-4EFB-9679-8AE1D4CDB341}.AppStore|ARM.ActiveCfg = AppStore|iPhone
		{82040A74-8977-4EFB-9679-8AE1D4CDB341}.AppStore|iPhone.ActiveCfg = AppStore|iPhone
		{82040A74-8977-4EFB-9679-8AE1D4CDB341}.AppStore|iPhone.Build.0 = AppStore|iPhone
		{82040A74-8977-4EFB-9679-8AE1D4CDB341}.AppStore|iPhoneSimulator.ActiveCfg = AppStore|iPhoneSimulator
		{82040A74-8977-4EFB-9679-8AE1D4CDB341}.AppStore|iPhoneSimulator.Build.0 = AppStore|iPhoneSimulator
		{82040A74-8977-4EFB-9679-8AE1D4CDB341}.AppStore|x64.ActiveCfg = AppStore|iPhone
		{82040A74-8977-4EFB-9679-8AE1D4CDB341}.AppStore|x86.ActiveCfg = AppStore|iPhone
		{82040A74-8977-4EFB-9679-8AE1D4CDB341}.Debug|Any CPU.ActiveCfg = Debug|iPhoneSimulator
		{82040A74-8977-4EFB-9679-8AE1D4CDB341}.Debug|ARM.ActiveCfg = Debug|iPhone
		{82040A74-8977-4EFB-9679-8AE1D4CDB341}.Debug|iPhone.ActiveCfg = Debug|iPhone
		{82040A74-8977-4EFB-9679-8AE1D4CDB341}.Debug|iPhone.Build.0 = Debug|iPhone
		{82040A74-8977-4EFB-9679-8AE1D4CDB341}.Debug|iPhoneSimulator.ActiveCfg = Debug|iPhoneSimulator
		{82040A74-8977-4EFB-9679-8AE1D4CDB341}.Debug|iPhoneSimulator.Build.0 = Debug|iPhoneSimulator
		{82040A74-8977-4EFB-9679-8AE1D4CDB341}.Debug|x64.ActiveCfg = Debug|iPhone
		{82040A74-8977-4EFB-9679-8AE1D4CDB341}.Debug|x86.ActiveCfg = Debug|iPhone
		{82040A74-8977-4EFB-9679-8AE1D4CDB341}.Release|Any CPU.ActiveCfg = Release|iPhoneSimulator
		{82040A74-8977-4EFB-9679-8AE1D4CDB341}.Release|ARM.ActiveCfg = Release|iPhone
		{82040A74-8977-4EFB-9679-8AE1D4CDB341}.Release|iPhone.ActiveCfg = Release|iPhone
		{82040A74-8977-4EFB-9679-8AE1D4CDB341}.Release|iPhone.Build.0 = Release|iPhone
		{82040A74-8977-4EFB-9679-8AE1D4CDB341}.Release|iPhoneSimulator.ActiveCfg = Release|iPhoneSimulator
		{82040A74-8977-4EFB-9679-8AE1D4CDB341}.Release|iPhoneSimulator.Build.0 = Release|iPhoneSimulator
		{82040A74-8977-4EFB-9679-8AE1D4CDB341}.Release|x64.ActiveCfg = Release|iPhone
		{82040A74-8977-4EFB-9679-8AE1D4CDB341}.Release|x86.ActiveCfg = Release|iPhone
		{F704D6C6-A5AC-48DD-A3A7-561689DA14CE}.Ad-Hoc|Any CPU.ActiveCfg = Release|x86
		{F704D6C6-A5AC-48DD-A3A7-561689DA14CE}.Ad-Hoc|Any CPU.Build.0 = Release|x86
		{F704D6C6-A5AC-48DD-A3A7-561689DA14CE}.Ad-Hoc|Any CPU.Deploy.0 = Release|x86
		{F704D6C6-A5AC-48DD-A3A7-561689DA14CE}.Ad-Hoc|ARM.ActiveCfg = Release|ARM
		{F704D6C6-A5AC-48DD-A3A7-561689DA14CE}.Ad-Hoc|ARM.Build.0 = Release|ARM
		{F704D6C6-A5AC-48DD-A3A7-561689DA14CE}.Ad-Hoc|ARM.Deploy.0 = Release|ARM
		{F704D6C6-A5AC-48DD-A3A7-561689DA14CE}.Ad-Hoc|iPhone.ActiveCfg = Release|x86
		{F704D6C6-A5AC-48DD-A3A7-561689DA14CE}.Ad-Hoc|iPhone.Build.0 = Release|x86
		{F704D6C6-A5AC-48DD-A3A7-561689DA14CE}.Ad-Hoc|iPhone.Deploy.0 = Release|x86
		{F704D6C6-A5AC-48DD-A3A7-561689DA14CE}.Ad-Hoc|iPhoneSimulator.ActiveCfg = Release|x86
		{F704D6C6-A5AC-48DD-A3A7-561689DA14CE}.Ad-Hoc|iPhoneSimulator.Build.0 = Release|x86
		{F704D6C6-A5AC-48DD-A3A7-561689DA14CE}.Ad-Hoc|iPhoneSimulator.Deploy.0 = Release|x86
		{F704D6C6-A5AC-48DD-A3A7-561689DA14CE}.Ad-Hoc|x64.ActiveCfg = Release|x64
		{F704D6C6-A5AC-48DD-A3A7-561689DA14CE}.Ad-Hoc|x64.Build.0 = Release|x64
		{F704D6C6-A5AC-48DD-A3A7-561689DA14CE}.Ad-Hoc|x64.Deploy.0 = Release|x64
		{F704D6C6-A5AC-48DD-A3A7-561689DA14CE}.Ad-Hoc|x86.ActiveCfg = Release|x86
		{F704D6C6-A5AC-48DD-A3A7-561689DA14CE}.Ad-Hoc|x86.Build.0 = Release|x86
		{F704D6C6-A5AC-48DD-A3A7-561689DA14CE}.Ad-Hoc|x86.Deploy.0 = Release|x86
		{F704D6C6-A5AC-48DD-A3A7-561689DA14CE}.AppStore|Any CPU.ActiveCfg = Release|x86
		{F704D6C6-A5AC-48DD-A3A7-561689DA14CE}.AppStore|Any CPU.Build.0 = Release|x86
		{F704D6C6-A5AC-48DD-A3A7-561689DA14CE}.AppStore|Any CPU.Deploy.0 = Release|x86
		{F704D6C6-A5AC-48DD-A3A7-561689DA14CE}.AppStore|ARM.ActiveCfg = Release|ARM
		{F704D6C6-A5AC-48DD-A3A7-561689DA14CE}.AppStore|ARM.Build.0 = Release|ARM
		{F704D6C6-A5AC-48DD-A3A7-561689DA14CE}.AppStore|ARM.Deploy.0 = Release|ARM
		{F704D6C6-A5AC-48DD-A3A7-561689DA14CE}.AppStore|iPhone.ActiveCfg = Release|x86
		{F704D6C6-A5AC-48DD-A3A7-561689DA14CE}.AppStore|iPhone.Build.0 = Release|x86
		{F704D6C6-A5AC-48DD-A3A7-561689DA14CE}.AppStore|iPhone.Deploy.0 = Release|x86
		{F704D6C6-A5AC-48DD-A3A7-561689DA14CE}.AppStore|iPhoneSimulator.ActiveCfg = Release|x86
		{F704D6C6-A5AC-48DD-A3A7-561689DA14CE}.AppStore|iPhoneSimulator.Build.0 = Release|x86
		{F704D6C6-A5AC-48DD-A3A7-561689DA14CE}.AppStore|iPhoneSimulator.Deploy.0 = Release|x86
		{F704D6C6-A5AC-48DD-A3A7-561689DA14CE}.AppStore|x64.ActiveCfg = Release|x64
		{F704D6C6-A5AC-48DD-A3A7-561689DA14CE}.AppStore|x64.Build.0 = Release|x64
		{F704D6C6-A5AC-48DD-A3A7-561689DA14CE}.AppStore|x64.Deploy.0 = Release|x64
		{F704D6C6-A5AC-48DD-A3A7-561689DA14CE}.AppStore|x86.ActiveCfg = Release|x86
		{F704D6C6-A5AC-48DD-A3A7-561689DA14CE}.AppStore|x86.Build.0 = Release|x86
		{F704D6C6-A5AC-48DD-A3A7-561689DA14CE}.AppStore|x86.Deploy.0 = Release|x86
		{F704D6C6-A5AC-48DD-A3A7-561689DA14CE}.Debug|Any CPU.ActiveCfg = Debug|x86
		{F704D6C6-A5AC-48DD-A3A7-561689DA14CE}.Debug|ARM.ActiveCfg = Debug|ARM
		{F704D6C6-A5AC-48DD-A3A7-561689DA14CE}.Debug|ARM.Build.0 = Debug|ARM
		{F704D6C6-A5AC-48DD-A3A7-561689DA14CE}.Debug|ARM.Deploy.0 = Debug|ARM
		{F704D6C6-A5AC-48DD-A3A7-561689DA14CE}.Debug|iPhone.ActiveCfg = Debug|x86
		{F704D6C6-A5AC-48DD-A3A7-561689DA14CE}.Debug|iPhoneSimulator.ActiveCfg = Debug|x86
		{F704D6C6-A5AC-48DD-A3A7-561689DA14CE}.Debug|x64.ActiveCfg = Debug|x64
		{F704D6C6-A5AC-48DD-A3A7-561689DA14CE}.Debug|x64.Build.0 = Debug|x64
		{F704D6C6-A5AC-48DD-A3A7-561689DA14CE}.Debug|x64.Deploy.0 = Debug|x64
		{F704D6C6-A5AC-48DD-A3A7-561689DA14CE}.Debug|x86.ActiveCfg = Debug|x86
		{F704D6C6-A5AC-48DD-A3A7-561689DA14CE}.Debug|x86.Build.0 = Debug|x86
		{F704D6C6-A5AC-48DD-A3A7-561689DA14CE}.Debug|x86.Deploy.0 = Debug|x86
		{F704D6C6-A5AC-48DD-A3A7-561689DA14CE}.Release|Any CPU.ActiveCfg = Release|x86
		{F704D6C6-A5AC-48DD-A3A7-561689DA14CE}.Release|ARM.ActiveCfg = Release|ARM
		{F704D6C6-A5AC-48DD-A3A7-561689DA14CE}.Release|ARM.Build.0 = Release|ARM
		{F704D6C6-A5AC-48DD-A3A7-561689DA14CE}.Release|ARM.Deploy.0 = Release|ARM
		{F704D6C6-A5AC-48DD-A3A7-561689DA14CE}.Release|iPhone.ActiveCfg = Release|x86
		{F704D6C6-A5AC-48DD-A3A7-561689DA14CE}.Release|iPhoneSimulator.ActiveCfg = Release|x86
		{F704D6C6-A5AC-48DD-A3A7-561689DA14CE}.Release|x64.ActiveCfg = Release|x64
		{F704D6C6-A5AC-48DD-A3A7-561689DA14CE}.Release|x64.Build.0 = Release|x64
		{F704D6C6-A5AC-48DD-A3A7-561689DA14CE}.Release|x64.Deploy.0 = Release|x64
		{F704D6C6-A5AC-48DD-A3A7-561689DA14CE}.Release|x86.ActiveCfg = Release|x86
		{F704D6C6-A5AC-48DD-A3A7-561689DA14CE}.Release|x86.Build.0 = Release|x86
		{F704D6C6-A5AC-48DD-A3A7-561689DA14CE}.Release|x86.Deploy.0 = Release|x86
	EndGlobalSection
	GlobalSection(SolutionProperties) = preSolution
		HideSolutionNode = FALSE
	EndGlobalSection
	GlobalSection(ExtensibilityGlobals) = postSolution
		SolutionGuid = {D281D694-3F81-40F5-ABAB-D26176C88C59}
	EndGlobalSection
EndGlobal
