
Microsoft Visual Studio Solution File, Format Version 12.00
# Visual Studio 15
VisualStudioVersion = 15.0.27004.2009
MinimumVisualStudioVersion = 10.0.40219.1
Project("{FAE04EC0-301F-11D3-BF4B-00C04F79EFBC}") = "SadaAPI", "SadaAPI\SadaAPI.csproj", "{A065E8B4-DA97-4292-99A0-4925B7416B7A}"
EndProject
Global
	GlobalSection(SolutionConfigurationPlatforms) = preSolution
		Debug|Any CPU = Debug|Any CPU
		Release|Any CPU = Release|Any CPU
	EndGlobalSection
	GlobalSection(ProjectConfigurationPlatforms) = postSolution
		{A065E8B4-DA97-4292-99A0-4925B7416B7A}.Debug|Any CPU.ActiveCfg = Debug|Any CPU
		{A065E8B4-DA97-4292-99A0-4925B7416B7A}.Debug|Any CPU.Build.0 = Debug|Any CPU
		{A065E8B4-DA97-4292-99A0-4925B7416B7A}.Release|Any CPU.ActiveCfg = Release|Any CPU
		{A065E8B4-DA97-4292-99A0-4925B7416B7A}.Release|Any CPU.Build.0 = Release|Any CPU
	EndGlobalSection
	GlobalSection(SolutionProperties) = preSolution
		HideSolutionNode = FALSE
	EndGlobalSection
	GlobalSection(ExtensibilityGlobals) = postSolution
		SolutionGuid = {48A81255-E071-42AE-8EA8-42E3E1B8E789}
	EndGlobalSection
EndGlobal
